
Microsoft Visual Studio Solution File, Format Version 12.00
# Visual Studio 15
VisualStudioVersion = 15.0.28010.2050
MinimumVisualStudioVersion = 10.0.40219.1
Project("{FAE04EC0-301F-11D3-BF4B-00C04F79EFBC}") = "PrototypePattern", "PrototypePattern\PrototypePattern.csproj", "{F394045A-878D-41D9-994B-46906A170DBB}"
EndProject
Global
	GlobalSection(SolutionConfigurationPlatforms) = preSolution
		Debug|Any CPU = Debug|Any CPU
		Release|Any CPU = Release|Any CPU
	EndGlobalSection
	GlobalSection(ProjectConfigurationPlatforms) = postSolution
		{F394045A-878D-41D9-994B-46906A170DBB}.Debug|Any CPU.ActiveCfg = Debug|Any CPU
		{F394045A-878D-41D9-994B-46906A170DBB}.Debug|Any CPU.Build.0 = Debug|Any CPU
		{F394045A-878D-41D9-994B-46906A170DBB}.Release|Any CPU.ActiveCfg = Release|Any CPU
		{F394045A-878D-41D9-994B-46906A170DBB}.Release|Any CPU.Build.0 = Release|Any CPU
	EndGlobalSection
	GlobalSection(SolutionProperties) = preSolution
		HideSolutionNode = FALSE
	EndGlobalSection
	GlobalSection(ExtensibilityGlobals) = postSolution
		SolutionGuid = {D36933BB-DDC4-42E6-B0FE-19AE7F7984BB}
	EndGlobalSection
EndGlobal
