
Microsoft Visual Studio Solution File, Format Version 12.00
# Visual Studio 15
VisualStudioVersion = 15.0.28010.2050
MinimumVisualStudioVersion = 10.0.40219.1
Project("{FAE04EC0-301F-11D3-BF4B-00C04F79EFBC}") = "DecoratorPattern", "DecoratorPattern\DecoratorPattern.csproj", "{1265E5EF-7AEF-4CF0-AADB-7C7F88909495}"
EndProject
Global
	GlobalSection(SolutionConfigurationPlatforms) = preSolution
		Debug|Any CPU = Debug|Any CPU
		Release|Any CPU = Release|Any CPU
	EndGlobalSection
	GlobalSection(ProjectConfigurationPlatforms) = postSolution
		{1265E5EF-7AEF-4CF0-AADB-7C7F88909495}.Debug|Any CPU.ActiveCfg = Debug|Any CPU
		{1265E5EF-7AEF-4CF0-AADB-7C7F88909495}.Debug|Any CPU.Build.0 = Debug|Any CPU
		{1265E5EF-7AEF-4CF0-AADB-7C7F88909495}.Release|Any CPU.ActiveCfg = Release|Any CPU
		{1265E5EF-7AEF-4CF0-AADB-7C7F88909495}.Release|Any CPU.Build.0 = Release|Any CPU
	EndGlobalSection
	GlobalSection(SolutionProperties) = preSolution
		HideSolutionNode = FALSE
	EndGlobalSection
	GlobalSection(ExtensibilityGlobals) = postSolution
		SolutionGuid = {189D6ACE-A547-4034-8594-C09E41E5CBA5}
	EndGlobalSection
EndGlobal
